// !$*UTF8*$!
{
	archiveVersion = 1;
	classes = {
	};
	objectVersion = 77;
	objects = {

/* Begin PBXContainerItemProxy section */
		634301E02F717DA400F4C81B /* PBXContainerItemProxy */ = {
			isa = PBXContainerItemProxy;
			containerPortal = 634301C82F717DA100F4C81B /* Project object */;
			proxyType = 1;
			remoteGlobalIDString = 634301CF2F717DA100F4C81B;
			remoteInfo = GymRatRoutineBy5p;
		};
		634301EA2F717DA400F4C81B /* PBXContainerItemProxy */ = {
			isa = PBXContainerItemProxy;
			containerPortal = 634301C82F717DA100F4C81B /* Project object */;
			proxyType = 1;
			remoteGlobalIDString = 634301CF2F717DA100F4C81B;
			remoteInfo = GymRatRoutineBy5p;
		};
/* End PBXContainerItemProxy section */

/* Begin PBXFileReference section */
		634301D02F717DA100F4C81B /* GymRatRoutineBy5p.app */ = {isa = PBXFileReference; explicitFileType = wrapper.application; includeInIndex = 0; path = GymRatRoutineBy5p.app; sourceTree = BUILT_PRODUCTS_DIR; };
		634301DF2F717DA400F4C81B /* GymRatRoutineBy5pTests.xctest */ = {isa = PBXFileReference; explicitFileType = wrapper.cfbundle; includeInIndex = 0; path = GymRatRoutineBy5pTests.xctest; sourceTree = BUILT_PRODUCTS_DIR; };
		634301E92F717DA400F4C81B /* GymRatRoutineBy5pUITests.xctest */ = {isa = PBXFileReference; explicitFileType = wrapper.cfbundle; includeInIndex = 0; path = GymRatRoutineBy5pUITests.xctest; sourceTree = BUILT_PRODUCTS_DIR; };
/* End PBXFileReference section */

/* Begin PBXFileSystemSynchronizedRootGroup section */
		634301D22F717DA100F4C81B /* GymRatRoutineBy5p */ = {
			isa = PBXFileSystemSynchronizedRootGroup;
			path = GymRatRoutineBy5p;
			sourceTree = "<group>";
		};
		634301E22F717DA400F4C81B /* GymRatRoutineBy5pTests */ = {
			isa = PBXFileSystemSynchronizedRootGroup;
			path = GymRatRoutineBy5pTests;
			sourceTree = "<group>";
		};
		634301EC2F717DA400F4C81B /* GymRatRoutineBy5pUITests */ = {
			isa = PBXFileSystemSynchronizedRootGroup;
			path = GymRatRoutineBy5pUITests;
			sourceTree = "<group>";
		};
/* End PBXFileSystemSynchronizedRootGroup section */

/* Begin PBXFrameworksBuildPhase section */
		634301CD2F717DA100F4C81B /* Frameworks */ = {
			isa = PBXFrameworksBuildPhase;
			buildActionMask = 2147483647;
			files = (
			);
			runOnlyForDeploymentPostprocessing = 0;
		};
		634301DC2F717DA400F4C81B /* Frameworks */ = {
			isa = PBXFrameworksBuildPhase;
			buildActionMask = 2147483647;
			files = (
			);
			runOnlyForDeploymentPostprocessing = 0;
		};
		634301E62F717DA400F4C81B /* Frameworks */ = {
			isa = PBXFrameworksBuildPhase;
			buildActionMask = 2147483647;
			files = (
			);
			runOnlyForDeploymentPostprocessing = 0;
		};
/* End PBXFrameworksBuildPhase section */

/* Begin PBXGroup section */
		634301C72F717DA100F4C81B = {
			isa = PBXGroup;
			children = (
				634301D22F717DA100F4C81B /* GymRatRoutineBy5p */,
				634301E22F717DA400F4C81B /* GymRatRoutineBy5pTests */,
				634301EC2F717DA400F4C81B /* GymRatRoutineBy5pUITests */,
				634301D12F717DA100F4C81B /* Products */,
			);
			sourceTree = "<group>";
		};
		634301D12F717DA100F4C81B /* Products */ = {
			isa = PBXGroup;
			children = (
				634301D02F717DA100F4C81B /* GymRatRoutineBy5p.app */,
				634301DF2F717DA400F4C81B /* GymRatRoutineBy5pTests.xctest */,
				634301E92F717DA400F4C81B /* GymRatRoutineBy5pUITests.xctest */,
			);
			name = Products;
			sourceTree = "<group>";
		};
/* End PBXGroup section */

/* Begin PBXNativeTarget section */
		634301CF2F717DA100F4C81B /* GymRatRoutineBy5p */ = {
			isa = PBXNativeTarget;
			buildConfigurationList = 634301F32F717DA400F4C81B /* Build configuration list for PBXNativeTarget "GymRatRoutineBy5p" */;
			buildPhases = (
				634301CC2F717DA100F4C81B /* Sources */,
				634301CD2F717DA100F4C81B /* Frameworks */,
				634301CE2F717DA100F4C81B /* Resources */,
			);
			buildRules = (
			);
			dependencies = (
			);
			fileSystemSynchronizedGroups = (
				634301D22F717DA100F4C81B /* GymRatRoutineBy5p */,
			);
			name = GymRatRoutineBy5p;
			packageProductDependencies = (
			);
			productName = GymRatRoutineBy5p;
			productReference = 634301D02F717DA100F4C81B /* GymRatRoutineBy5p.app */;
			productType = "com.apple.product-type.application";
		};
		634301DE2F717DA400F4C81B /* GymRatRoutineBy5pTests */ = {
			isa = PBXNativeTarget;
			buildConfigurationList = 634301F62F717DA400F4C81B /* Build configuration list for PBXNativeTarget "GymRatRoutineBy5pTests" */;
			buildPhases = (
				634301DB2F717DA400F4C81B /* Sources */,
				634301DC2F717DA400F4C81B /* Frameworks */,
				634301DD2F717DA400F4C81B /* Resources */,
			);
			buildRules = (
			);
			dependencies = (
				634301E12F717DA400F4C81B /* PBXTargetDependency */,
			);
			fileSystemSynchronizedGroups = (
				634301E22F717DA400F4C81B /* GymRatRoutineBy5pTests */,
			);
			name = GymRatRoutineBy5pTests;
			packageProductDependencies = (
			);
			productName = GymRatRoutineBy5pTests;
			productReference = 634301DF2F717DA400F4C81B /* GymRatRoutineBy5pTests.xctest */;
			productType = "com.apple.product-type.bundle.unit-test";
		};
		634301E82F717DA400F4C81B /* GymRatRoutineBy5pUITests */ = {
			isa = PBXNativeTarget;
			buildConfigurationList = 634301F92F717DA400F4C81B /* Build configuration list for PBXNativeTarget "GymRatRoutineBy5pUITests" */;
			buildPhases = (
				634301E52F717DA400F4C81B /* Sources */,
				634301E62F717DA400F4C81B /* Frameworks */,
				634301E72F717DA400F4C81B /* Resources */,
			);
			buildRules = (
			);
			dependencies = (
				634301EB2F717DA400F4C81B /* PBXTargetDependency */,
			);
			fileSystemSynchronizedGroups = (
				634301EC2F717DA400F4C81B /* GymRatRoutineBy5pUITests */,
			);
			name = GymRatRoutineBy5pUITests;
			packageProductDependencies = (
			);
			productName = GymRatRoutineBy5pUITests;
			productReference = 634301E92F717DA400F4C81B /* GymRatRoutineBy5pUITests.xctest */;
			productType = "com.apple.product-type.bundle.ui-testing";
		};
/* End PBXNativeTarget section */

/* Begin PBXProject section */
		634301C82F717DA100F4C81B /* Project object */ = {
			isa = PBXProject;
			attributes = {
				BuildIndependentTargetsInParallel = 1;
				LastSwiftUpdateCheck = 2630;
				LastUpgradeCheck = 2630;
				TargetAttributes = {
					634301CF2F717DA100F4C81B = {
						CreatedOnToolsVersion = 26.3;
					};
					634301DE2F717DA400F4C81B = {
						CreatedOnToolsVersion = 26.3;
						TestTargetID = 634301CF2F717DA100F4C81B;
					};
					634301E82F717DA400F4C81B = {
						CreatedOnToolsVersion = 26.3;
						TestTargetID = 634301CF2F717DA100F4C81B;
					};
				};
			};
			buildConfigurationList = 634301CB2F717DA100F4C81B /* Build configuration list for PBXProject "GymRatRoutineBy5p" */;
			developmentRegion = en;
			hasScannedForEncodings = 0;
			knownRegions = (
				en,
				Base,
			);
			mainGroup = 634301C72F717DA100F4C81B;
			minimizedProjectReferenceProxies = 1;
			preferredProjectObjectVersion = 77;
			productRefGroup = 634301D12F717DA100F4C81B /* Products */;
			projectDirPath = "";
			projectRoot = "";
			targets = (
				634301CF2F717DA100F4C81B /* GymRatRoutineBy5p */,
				634301DE2F717DA400F4C81B /* GymRatRoutineBy5pTests */,
				634301E82F717DA400F4C81B /* GymRatRoutineBy5pUITests */,
			);
		};
/* End PBXProject section */

/* Begin PBXResourcesBuildPhase section */
		634301CE2F717DA100F4C81B /* Resources */ = {
			isa = PBXResourcesBuildPhase;
			buildActionMask = 2147483647;
			files = (
			);
			runOnlyForDeploymentPostprocessing = 0;
		};
		634301DD2F717DA400F4C81B /* Resources */ = {
			isa = PBXResourcesBuildPhase;
			buildActionMask = 2147483647;
			files = (
			);
			runOnlyForDeploymentPostprocessing = 0;
		};
		634301E72F717DA400F4C81B /* Resources */ = {
			isa = PBXResourcesBuildPhase;
			buildActionMask = 2147483647;
			files = (
			);
			runOnlyForDeploymentPostprocessing = 0;
		};
/* End PBXResourcesBuildPhase section */

/* Begin PBXSourcesBuildPhase section */
		634301CC2F717DA100F4C81B /* Sources */ = {
			isa = PBXSourcesBuildPhase;
			buildActionMask = 2147483647;
			files = (
			);
			runOnlyForDeploymentPostprocessing = 0;
		};
		634301DB2F717DA400F4C81B /* Sources */ = {
			isa = PBXSourcesBuildPhase;
			buildActionMask = 2147483647;
			files = (
			);
			runOnlyForDeploymentPostprocessing = 0;
		};
		634301E52F717DA400F4C81B /* Sources */ = {
			isa = PBXSourcesBuildPhase;
			buildActionMask = 2147483647;
			files = (
			);
			runOnlyForDeploymentPostprocessing = 0;
		};
/* End PBXSourcesBuildPhase section */

/* Begin PBXTargetDependency section */
		634301E12F717DA400F4C81B /* PBXTargetDependency */ = {
			isa = PBXTargetDependency;
			target = 634301CF2F717DA100F4C81B /* GymRatRoutineBy5p */;
			targetProxy = 634301E02F717DA400F4C81B /* PBXContainerItemProxy */;
		};
		634301EB2F717DA400F4C81B /* PBXTargetDependency */ = {
			isa = PBXTargetDependency;
			target = 634301CF2F717DA100F4C81B /* GymRatRoutineBy5p */;
			targetProxy = 634301EA2F717DA400F4C81B /* PBXContainerItemProxy */;
		};
/* End PBXTargetDependency section */

/* Begin XCBuildConfiguration section */
		634301F12F717DA400F4C81B /* Debug */ = {
			isa = XCBuildConfiguration;
			buildSettings = {
				ALWAYS_SEARCH_USER_PATHS = NO;
				ASSETCATALOG_COMPILER_GENERATE_SWIFT_ASSET_SYMBOL_EXTENSIONS = YES;
				CLANG_ANALYZER_NONNULL = YES;
				CLANG_ANALYZER_NUMBER_OBJECT_CONVERSION = YES_AGGRESSIVE;
				CLANG_CXX_LANGUAGE_STANDARD = "gnu++20";
				CLANG_ENABLE_MODULES = YES;
				CLANG_ENABLE_OBJC_ARC = YES;
				CLANG_ENABLE_OBJC_WEAK = YES;
				CLANG_WARN_BLOCK_CAPTURE_AUTORELEASING = YES;
				CLANG_WARN_BOOL_CONVERSION = YES;
				CLANG_WARN_COMMA = YES;
				CLANG_WARN_CONSTANT_CONVERSION = YES;
				CLANG_WARN_DEPRECATED_OBJC_IMPLEMENTATIONS = YES;
				CLANG_WARN_DIRECT_OBJC_ISA_USAGE = YES_ERROR;
				CLANG_WARN_DOCUMENTATION_COMMENTS = YES;
				CLANG_WARN_EMPTY_BODY = YES;
				CLANG_WARN_ENUM_CONVERSION = YES;
				CLANG_WARN_INFINITE_RECURSION = YES;
				CLANG_WARN_INT_CONVERSION = YES;
				CLANG_WARN_NON_LITERAL_NULL_CONVERSION = YES;
				CLANG_WARN_OBJC_IMPLICIT_RETAIN_SELF = YES;
				CLANG_WARN_OBJC_LITERAL_CONVERSION = YES;
				CLANG_WARN_OBJC_ROOT_CLASS = YES_ERROR;
				CLANG_WARN_QUOTED_INCLUDE_IN_FRAMEWORK_HEADER = YES;
				CLANG_WARN_RANGE_LOOP_ANALYSIS = YES;
				CLANG_WARN_STRICT_PROTOTYPES = YES;
				CLANG_WARN_SUSPICIOUS_MOVE = YES;
				CLANG_WARN_UNGUARDED_AVAILABILITY = YES_AGGRESSIVE;
				CLANG_WARN_UNREACHABLE_CODE = YES;
				CLANG_WARN__DUPLICATE_METHOD_MATCH = YES;
				COPY_PHASE_STRIP = NO;
				DEBUG_INFORMATION_FORMAT = dwarf;
				ENABLE_STRICT_OBJC_MSGSEND = YES;
				ENABLE_TESTABILITY = YES;
				ENABLE_USER_SCRIPT_SANDBOXING = YES;
				GCC_C_LANGUAGE_STANDARD = gnu17;
				GCC_DYNAMIC_NO_PIC = NO;
				GCC_NO_COMMON_BLOCKS = YES;
				GCC_OPTIMIZATION_LEVEL = 0;
				GCC_PREPROCESSOR_DEFINITIONS = (
					"DEBUG=1",
					"$(inherited)",
				);
				GCC_WARN_64_TO_32_BIT_CONVERSION = YES;
				GCC_WARN_ABOUT_RETURN_TYPE = YES_ERROR;
				GCC_WARN_UNDECLARED_SELECTOR = YES;
				GCC_WARN_UNINITIALIZED_AUTOS = YES_AGGRESSIVE;
				GCC_WARN_UNUSED_FUNCTION = YES;
				GCC_WARN_UNUSED_VARIABLE = YES;
				IPHONEOS_DEPLOYMENT_TARGET = 26.2;
				LOCALIZATION_PREFERS_STRING_CATALOGS = YES;
				MTL_ENABLE_DEBUG_INFO = INCLUDE_SOURCE;
				MTL_FAST_MATH = YES;
				ONLY_ACTIVE_ARCH = YES;
				SDKROOT = iphoneos;
				SWIFT_ACTIVE_COMPILATION_CONDITIONS = "DEBUG $(inherited)";
				SWIFT_OPTIMIZATION_LEVEL = "-Onone";
			};
			name = Debug;
		};
		634301F22F717DA400F4C81B /* Release */ = {
			isa = XCBuildConfiguration;
			buildSettings = {
				ALWAYS_SEARCH_USER_PATHS = NO;
				ASSETCATALOG_COMPILER_GENERATE_SWIFT_ASSET_SYMBOL_EXTENSIONS = YES;
				CLANG_ANALYZER_NONNULL = YES;
				CLANG_ANALYZER_NUMBER_OBJECT_CONVERSION = YES_AGGRESSIVE;
				CLANG_CXX_LANGUAGE_STANDARD = "gnu++20";
				CLANG_ENABLE_MODULES = YES;
				CLANG_ENABLE_OBJC_ARC = YES;
				CLANG_ENABLE_OBJC_WEAK = YES;
				CLANG_WARN_BLOCK_CAPTURE_AUTORELEASING = YES;
				CLANG_WARN_BOOL_CONVERSION = YES;
				CLANG_WARN_COMMA = YES;
				CLANG_WARN_CONSTANT_CONVERSION = YES;
				CLANG_WARN_DEPRECATED_OBJC_IMPLEMENTATIONS = YES;
				CLANG_WARN_DIRECT_OBJC_ISA_USAGE = YES_ERROR;
				CLANG_WARN_DOCUMENTATION_COMMENTS = YES;
				CLANG_WARN_EMPTY_BODY = YES;
				CLANG_WARN_ENUM_CONVERSION = YES;
				CLANG_WARN_INFINITE_RECURSION = YES;
				CLANG_WARN_INT_CONVERSION = YES;
				CLANG_WARN_NON_LITERAL_NULL_CONVERSION = YES;
				CLANG_WARN_OBJC_IMPLICIT_RETAIN_SELF = YES;
				CLANG_WARN_OBJC_LITERAL_CONVERSION = YES;
				CLANG_WARN_OBJC_ROOT_CLASS = YES_ERROR;
				CLANG_WARN_QUOTED_INCLUDE_IN_FRAMEWORK_HEADER = YES;
				CLANG_WARN_RANGE_LOOP_ANALYSIS = YES;
				CLANG_WARN_STRICT_PROTOTYPES = YES;
				CLANG_WARN_SUSPICIOUS_MOVE = YES;
				CLANG_WARN_UNGUARDED_AVAILABILITY = YES_AGGRESSIVE;
				CLANG_WARN_UNREACHABLE_CODE = YES;
				CLANG_WARN__DUPLICATE_METHOD_MATCH = YES;
				COPY_PHASE_STRIP = NO;
				DEBUG_INFORMATION_FORMAT = "dwarf-with-dsym";
				ENABLE_NS_ASSERTIONS = NO;
				ENABLE_STRICT_OBJC_MSGSEND = YES;
				ENABLE_USER_SCRIPT_SANDBOXING = YES;
				GCC_C_LANGUAGE_STANDARD = gnu17;
				GCC_NO_COMMON_BLOCKS = YES;
				GCC_WARN_64_TO_32_BIT_CONVERSION = YES;
				GCC_WARN_ABOUT_RETURN_TYPE = YES_ERROR;
				GCC_WARN_UNDECLARED_SELECTOR = YES;
				GCC_WARN_UNINITIALIZED_AUTOS = YES_AGGRESSIVE;
				GCC_WARN_UNUSED_FUNCTION = YES;
				GCC_WARN_UNUSED_VARIABLE = YES;
				IPHONEOS_DEPLOYMENT_TARGET = 26.2;
				LOCALIZATION_PREFERS_STRING_CATALOGS = YES;
				MTL_ENABLE_DEBUG_INFO = NO;
				MTL_FAST_MATH = YES;
				SDKROOT = iphoneos;
				SWIFT_COMPILATION_MODE = wholemodule;
				VALIDATE_PRODUCT = YES;
			};
			name = Release;
		};
		634301F42F717DA400F4C81B /* Debug */ = {
			isa = XCBuildConfiguration;
			buildSettings = {
				ASSETCATALOG_COMPILER_APPICON_NAME = AppIcon;
				ASSETCATALOG_COMPILER_GLOBAL_ACCENT_COLOR_NAME = AccentColor;
				CODE_SIGN_STYLE = Automatic;
				CURRENT_PROJECT_VERSION = 1;
				ENABLE_PREVIEWS = YES;
				GENERATE_INFOPLIST_FILE = YES;
				INFOPLIST_KEY_UIApplicationSceneManifest_Generation = YES;
				INFOPLIST_KEY_UIApplicationSupportsIndirectInputEvents = YES;
				INFOPLIST_KEY_UILaunchScreen_Generation = YES;
				INFOPLIST_KEY_UISupportedInterfaceOrientations_iPad = "UIInterfaceOrientationPortrait UIInterfaceOrientationPortraitUpsideDown UIInterfaceOrientationLandscapeLeft UIInterfaceOrientationLandscapeRight";
				INFOPLIST_KEY_UISupportedInterfaceOrientations_iPhone = "UIInterfaceOrientationPortrait UIInterfaceOrientationLandscapeLeft UIInterfaceOrientationLandscapeRight";
				LD_RUNPATH_SEARCH_PATHS = (
					"$(inherited)",
					"@executable_path/Frameworks",
				);
				MARKETING_VERSION = 1.0;
				PRODUCT_BUNDLE_IDENTIFIER = com.ar.ibalborde.GymRatRoutineBy5p;
				PRODUCT_NAME = "$(TARGET_NAME)";
				STRING_CATALOG_GENERATE_SYMBOLS = YES;
				SWIFT_APPROACHABLE_CONCURRENCY = YES;
				SWIFT_DEFAULT_ACTOR_ISOLATION = MainActor;
				SWIFT_EMIT_LOC_STRINGS = YES;
				SWIFT_UPCOMING_FEATURE_MEMBER_IMPORT_VISIBILITY = YES;
				SWIFT_VERSION = 5.0;
				TARGETED_DEVICE_FAMILY = "1,2";
			};
			name = Debug;
		};
		634301F52F717DA400F4C81B /* Release */ = {
			isa = XCBuildConfiguration;
			buildSettings = {
				ASSETCATALOG_COMPILER_APPICON_NAME = AppIcon;
				ASSETCATALOG_COMPILER_GLOBAL_ACCENT_COLOR_NAME = AccentColor;
				CODE_SIGN_STYLE = Automatic;
				CURRENT_PROJECT_VERSION = 1;
				ENABLE_PREVIEWS = YES;
				GENERATE_INFOPLIST_FILE = YES;
				INFOPLIST_KEY_UIApplicationSceneManifest_Generation = YES;
				INFOPLIST_KEY_UIApplicationSupportsIndirectInputEvents = YES;
				INFOPLIST_KEY_UILaunchScreen_Generation = YES;
				INFOPLIST_KEY_UISupportedInterfaceOrientations_iPad = "UIInterfaceOrientationPortrait UIInterfaceOrientationPortraitUpsideDown UIInterfaceOrientationLandscapeLeft UIInterfaceOrientationLandscapeRight";
				INFOPLIST_KEY_UISupportedInterfaceOrientations_iPhone = "UIInterfaceOrientationPortrait UIInterfaceOrientationLandscapeLeft UIInterfaceOrientationLandscapeRight";
				LD_RUNPATH_SEARCH_PATHS = (
					"$(inherited)",
					"@executable_path/Frameworks",
				);
				MARKETING_VERSION = 1.0;
				PRODUCT_BUNDLE_IDENTIFIER = com.ar.ibalborde.GymRatRoutineBy5p;
				PRODUCT_NAME = "$(TARGET_NAME)";
				STRING_CATALOG_GENERATE_SYMBOLS = YES;
				SWIFT_APPROACHABLE_CONCURRENCY = YES;
				SWIFT_DEFAULT_ACTOR_ISOLATION = MainActor;
				SWIFT_EMIT_LOC_STRINGS = YES;
				SWIFT_UPCOMING_FEATURE_MEMBER_IMPORT_VISIBILITY = YES;
				SWIFT_VERSION = 5.0;
				TARGETED_DEVICE_FAMILY = "1,2";
			};
			name = Release;
		};
		634301F72F717DA400F4C81B /* Debug */ = {
			isa = XCBuildConfiguration;
			buildSettings = {
				BUNDLE_LOADER = "$(TEST_HOST)";
				CODE_SIGN_STYLE = Automatic;
				CURRENT_PROJECT_VERSION = 1;
				GENERATE_INFOPLIST_FILE = YES;
				IPHONEOS_DEPLOYMENT_TARGET = 26.2;
				MARKETING_VERSION = 1.0;
				PRODUCT_BUNDLE_IDENTIFIER = com.ar.ibalborde.GymRatRoutineBy5pTests;
				PRODUCT_NAME = "$(TARGET_NAME)";
				STRING_CATALOG_GENERATE_SYMBOLS = NO;
				SWIFT_APPROACHABLE_CONCURRENCY = YES;
				SWIFT_EMIT_LOC_STRINGS = NO;
				SWIFT_UPCOMING_FEATURE_MEMBER_IMPORT_VISIBILITY = YES;
				SWIFT_VERSION = 5.0;
				TARGETED_DEVICE_FAMILY = "1,2";
				TEST_HOST = "$(BUILT_PRODUCTS_DIR)/GymRatRoutineBy5p.app/$(BUNDLE_EXECUTABLE_FOLDER_PATH)/GymRatRoutineBy5p";
			};
			name = Debug;
		};
		634301F82F717DA400F4C81B /* Release */ = {
			isa = XCBuildConfiguration;
			buildSettings = {
				BUNDLE_LOADER = "$(TEST_HOST)";
				CODE_SIGN_STYLE = Automatic;
				CURRENT_PROJECT_VERSION = 1;
				GENERATE_INFOPLIST_FILE = YES;
				IPHONEOS_DEPLOYMENT_TARGET = 26.2;
				MARKETING_VERSION = 1.0;
				PRODUCT_BUNDLE_IDENTIFIER = com.ar.ibalborde.GymRatRoutineBy5pTests;
				PRODUCT_NAME = "$(TARGET_NAME)";
				STRING_CATALOG_GENERATE_SYMBOLS = NO;
				SWIFT_APPROACHABLE_CONCURRENCY = YES;
				SWIFT_EMIT_LOC_STRINGS = NO;
				SWIFT_UPCOMING_FEATURE_MEMBER_IMPORT_VISIBILITY = YES;
				SWIFT_VERSION = 5.0;
				TARGETED_DEVICE_FAMILY = "1,2";
				TEST_HOST = "$(BUILT_PRODUCTS_DIR)/GymRatRoutineBy5p.app/$(BUNDLE_EXECUTABLE_FOLDER_PATH)/GymRatRoutineBy5p";
			};
			name = Release;
		};
		634301FA2F717DA400F4C81B /* Debug */ = {
			isa = XCBuildConfiguration;
			buildSettings = {
				CODE_SIGN_STYLE = Automatic;
				CURRENT_PROJECT_VERSION = 1;
				GENERATE_INFOPLIST_FILE = YES;
				MARKETING_VERSION = 1.0;
				PRODUCT_BUNDLE_IDENTIFIER = com.ar.ibalborde.GymRatRoutineBy5pUITests;
				PRODUCT_NAME = "$(TARGET_NAME)";
				STRING_CATALOG_GENERATE_SYMBOLS = NO;
				SWIFT_APPROACHABLE_CONCURRENCY = YES;
				SWIFT_EMIT_LOC_STRINGS = NO;
				SWIFT_UPCOMING_FEATURE_MEMBER_IMPORT_VISIBILITY = YES;
				SWIFT_VERSION = 5.0;
				TARGETED_DEVICE_FAMILY = "1,2";
				TEST_TARGET_NAME = GymRatRoutineBy5p;
			};
			name = Debug;
		};
		634301FB2F717DA400F4C81B /* Release */ = {
			isa = XCBuildConfiguration;
			buildSettings = {
				CODE_SIGN_STYLE = Automatic;
				CURRENT_PROJECT_VERSION = 1;
				GENERATE_INFOPLIST_FILE = YES;
				MARKETING_VERSION = 1.0;
				PRODUCT_BUNDLE_IDENTIFIER = com.ar.ibalborde.GymRatRoutineBy5pUITests;
				PRODUCT_NAME = "$(TARGET_NAME)";
				STRING_CATALOG_GENERATE_SYMBOLS = NO;
				SWIFT_APPROACHABLE_CONCURRENCY = YES;
				SWIFT_EMIT_LOC_STRINGS = NO;
				SWIFT_UPCOMING_FEATURE_MEMBER_IMPORT_VISIBILITY = YES;
				SWIFT_VERSION = 5.0;
				TARGETED_DEVICE_FAMILY = "1,2";
				TEST_TARGET_NAME = GymRatRoutineBy5p;
			};
			name = Release;
		};
/* End XCBuildConfiguration section */

/* Begin XCConfigurationList section */
		634301CB2F717DA100F4C81B /* Build configuration list for PBXProject "GymRatRoutineBy5p" */ = {
			isa = XCConfigurationList;
			buildConfigurations = (
				634301F12F717DA400F4C81B /* Debug */,
				634301F22F717DA400F4C81B /* Release */,
			);
			defaultConfigurationIsVisible = 0;
			defaultConfigurationName = Release;
		};
		634301F32F717DA400F4C81B /* Build configuration list for PBXNativeTarget "GymRatRoutineBy5p" */ = {
			isa = XCConfigurationList;
			buildConfigurations = (
				634301F42F717DA400F4C81B /* Debug */,
				634301F52F717DA400F4C81B /* Release */,
			);
			defaultConfigurationIsVisible = 0;
			defaultConfigurationName = Release;
		};
		634301F62F717DA400F4C81B /* Build configuration list for PBXNativeTarget "GymRatRoutineBy5pTests" */ = {
			isa = XCConfigurationList;
			buildConfigurations = (
				634301F72F717DA400F4C81B /* Debug */,
				634301F82F717DA400F4C81B /* Release */,
			);
			defaultConfigurationIsVisible = 0;
			defaultConfigurationName = Release;
		};
		634301F92F717DA400F4C81B /* Build configuration list for PBXNativeTarget "GymRatRoutineBy5pUITests" */ = {
			isa = XCConfigurationList;
			buildConfigurations = (
				634301FA2F717DA400F4C81B /* Debug */,
				634301FB2F717DA400F4C81B /* Release */,
			);
			defaultConfigurationIsVisible = 0;
			defaultConfigurationName = Release;
		};
/* End XCConfigurationList section */
	};
	rootObject = 634301C82F717DA100F4C81B /* Project object */;
}
